
Microsoft Visual Studio Solution File, Format Version 12.00
# Visual Studio Version 17
VisualStudioVersion = 17.8.34316.72
MinimumVisualStudioVersion = 10.0.40219.1
Project("{FAE04EC0-301F-11D3-BF4B-00C04F79EFBC}") = "Mosaicing", "Mosaicing.csproj", "{D1FBA829-EA6A-45CA-9D79-2220EE8A92CB}"
EndProject
Global
	GlobalSection(SolutionConfigurationPlatforms) = preSolution
		Debug|Any CPU = Debug|Any CPU
		Release|Any CPU = Release|Any CPU
	EndGlobalSection
	GlobalSection(ProjectConfigurationPlatforms) = postSolution
		{D1FBA829-EA6A-45CA-9D79-2220EE8A92CB}.Debug|Any CPU.ActiveCfg = Debug|Any CPU
		{D1FBA829-EA6A-45CA-9D79-2220EE8A92CB}.Debug|Any CPU.Build.0 = Debug|Any CPU
		{D1FBA829-EA6A-45CA-9D79-2220EE8A92CB}.Release|Any CPU.ActiveCfg = Release|Any CPU
		{D1FBA829-EA6A-45CA-9D79-2220EE8A92CB}.Release|Any CPU.Build.0 = Release|Any CPU
	EndGlobalSection
	GlobalSection(SolutionProperties) = preSolution
		HideSolutionNode = FALSE
	EndGlobalSection
	GlobalSection(ExtensibilityGlobals) = postSolution
		SolutionGuid = {DCF3DA65-41A1-4509-A814-670689030A44}
	EndGlobalSection
EndGlobal
